# @generated by Move, please check-in and do not edit manually.

[move]
version = 0
manifest_digest = "20751505E200B1A5E766A503B01DF098239F2D7596998DA04016D9A34FC3E203"
deps_digest = "C68BF6920FCD60F26D7F2538BE6690AEA1B3976462DE2FBD624760B11E2F835C"

dependencies = [
  { name = "MoveStdlib" },
]

[[move.package]]
name = "MoveStdlib"
source = { local = "../move-stdlib" }
