# @generated by Move, please check-in and do not edit manually.

[move]
version = 0
manifest_digest = "20751505E200B1A5E766A503B01DF098239F2D7596998DA04016D9A34FC3E203"
deps_digest = "D4AA66CE959F049490A454C6984AAA428230CC65CCCE25276071871E9B90F861"

dependencies = [
  { name = "MoveStdlib" },
]

[[move.package]]
name = "MoveStdlib"
source = { local = "../move-stdlib" }
