# @generated by Move, please check-in and do not edit manually.

[move]
version = 0
manifest_digest = "7B8FF5D59EAF3C17D6481E0BA926752B4CBC9A94C6FC3F284B3C06595BD989EB"
deps_digest = "F19CAF56F1145F7D745919C02E5C42A3DFCFDD91C904FAE9185175DA800897DD"

dependencies = [
  { name = "MoveStdlib" },
  { name = "Sui" },
]

[[move.package]]
name = "MoveStdlib"
source = { local = "../move-stdlib" }

[[move.package]]
name = "Sui"
source = { local = "../sui-framework" }

dependencies = [
  { name = "MoveStdlib" },
]
