# @generated by Move, please check-in and do not edit manually.

[move]
version = 3
manifest_digest = "F7253E918D425B6B92DF57EA41B9C3E55C15EE9A5EE2A2FD86F56BD542DD78AC"
deps_digest = "3C4103934B1E040BB6B23F1D610B4EF9F2F1166A50A104EADCF77467C004C600"

dependencies = [
  { id = "MoveStdlib", name = "MoveStdlib" },
  { id = "Sui", name = "Sui" },
]

[[move.package]]
id = "MoveStdlib"
source = { local = "../move-stdlib" }

[[move.package]]
id = "Sui"
source = { local = "../sui-framework" }

dependencies = [
  { id = "MoveStdlib", name = "MoveStdlib" },
]

[move.toolchain-version]
compiler-version = "1.23.0"
edition = "2024.beta"
flavor = "sui"
